{
  "version": 4,
  "terraform_version": "1.4.6",
  "serial": 115,
  "lineage": "622fb32b-38fc-4cc8-46f5-fad62760e098",
  "outputs": {
    "cert_arn": {
      "value": "arn:aws:acm:us-east-1:502447419870:certificate/7bb149ed-3deb-4b82-a44e-936fa40d8303",
      "type": "string"
    },
    "mydomain_name": {
      "value": "abhijeet.ninja",
      "type": "string"
    },
    "mydomain_zoneid": {
      "value": "Z03837921B0VJGZL86ORE",
      "type": "string"
    }
  },
  "resources": [
    {
      "mode": "data",
      "type": "aws_acm_certificate",
      "name": "amazon_issued",
      "provider": "provider[\"registry.terraform.io/hashicorp/aws\"]",
      "instances": [
        {
          "schema_version": 0,
          "attributes": {
            "arn": "arn:aws:acm:us-east-1:502447419870:certificate/7bb149ed-3deb-4b82-a44e-936fa40d8303",
            "domain": "test.abhijeet.ninja",
            "id": "arn:aws:acm:us-east-1:502447419870:certificate/7bb149ed-3deb-4b82-a44e-936fa40d8303",
            "key_types": null,
            "most_recent": true,
            "status": "ISSUED",
            "statuses": null,
            "tags": {},
            "types": [
              "AMAZON_ISSUED"
            ]
          },
          "sensitive_attributes": []
        }
      ]
    },
    {
      "mode": "data",
      "type": "aws_route53_zone",
      "name": "mydomain",
      "provider": "provider[\"registry.terraform.io/hashicorp/aws\"]",
      "instances": [
        {
          "schema_version": 0,
          "attributes": {
            "arn": "arn:aws:route53:::hostedzone/Z03837921B0VJGZL86ORE",
            "caller_reference": "aca509b9-b57f-4728-aa73-4530b8f632d0",
            "comment": "",
            "id": "Z03837921B0VJGZL86ORE",
            "linked_service_description": null,
            "linked_service_principal": null,
            "name": "abhijeet.ninja",
            "name_servers": [
              "ns-94.awsdns-11.com",
              "ns-2026.awsdns-61.co.uk",
              "ns-1362.awsdns-42.org",
              "ns-615.awsdns-12.net"
            ],
            "private_zone": false,
            "resource_record_set_count": 4,
            "tags": {},
            "vpc_id": null,
            "zone_id": "Z03837921B0VJGZL86ORE"
          },
          "sensitive_attributes": []
        }
      ]
    },
    {
      "mode": "managed",
      "type": "aws_lb_listener_certificate",
      "name": "example",
      "provider": "provider[\"registry.terraform.io/hashicorp/aws\"]",
      "instances": [
        {
          "schema_version": 0,
          "attributes": {
            "certificate_arn": "arn:aws:acm:us-east-1:502447419870:certificate/7bb149ed-3deb-4b82-a44e-936fa40d8303",
            "id": "arn:aws:elasticloadbalancing:us-east-1:502447419870:listener/app/Web-QA-alb/7b434add608aeb4f/a9b427434386754b_arn:aws:acm:us-east-1:502447419870:certificate/7bb149ed-3deb-4b82-a44e-936fa40d8303",
            "listener_arn": "arn:aws:elasticloadbalancing:us-east-1:502447419870:listener/app/Web-QA-alb/7b434add608aeb4f/a9b427434386754b"
          },
          "sensitive_attributes": [],
          "private": "bnVsbA==",
          "dependencies": [
            "data.aws_acm_certificate.amazon_issued"
          ]
        }
      ]
    },
    {
      "mode": "managed",
      "type": "aws_route53_record",
      "name": "apps_dns",
      "provider": "provider[\"registry.terraform.io/hashicorp/aws\"]",
      "instances": [
        {
          "schema_version": 2,
          "attributes": {
            "alias": [
              {
                "evaluate_target_health": true,
                "name": "web-qa-alb-1980643109.us-east-1.elb.amazonaws.com",
                "zone_id": "Z35SXDOTRQ7X7K"
              }
            ],
            "allow_overwrite": null,
            "failover_routing_policy": [],
            "fqdn": "test.abhijeet.ninja.micros.abhijeet.ninja",
            "geolocation_routing_policy": [],
            "health_check_id": null,
            "id": "Z03837921B0VJGZL86ORE_test.abhijeet.ninja.micros.abhijeet.ninja_A",
            "latency_routing_policy": [],
            "multivalue_answer_routing_policy": null,
            "name": "test.abhijeet.ninja.micros.abhijeet.ninja",
            "records": null,
            "set_identifier": null,
            "ttl": null,
            "type": "A",
            "weighted_routing_policy": [],
            "zone_id": "Z03837921B0VJGZL86ORE"
          },
          "sensitive_attributes": [],
          "private": "eyJzY2hlbWFfdmVyc2lvbiI6IjIifQ==",
          "dependencies": [
            "data.aws_route53_zone.mydomain"
          ]
        }
      ]
    }
  ],
  "check_results": null
}
